
Microsoft Visual Studio Solution File, Format Version 12.00
# Visual Studio Version 17
VisualStudioVersion = 17.7.34024.191
MinimumVisualStudioVersion = 10.0.40219.1
Project("{9A19103F-16F7-4668-BE54-9A1E7A4F7556}") = "BookStoreAdvanced", "BookStoreAdvanced\BookStoreAdvanced.csproj", "{9CA76120-85BD-4019-A063-85755AB77864}"
EndProject
Project("{9A19103F-16F7-4668-BE54-9A1E7A4F7556}") = "Repository", "Repository\Repository.csproj", "{E35295A3-24B6-4CCB-A95A-C2FF9DD18568}"
EndProject
Project("{E53339B2-1760-4266-BCC7-CA923CBCF16C}") = "docker-compose", "docker-compose.dcproj", "{46B4B97F-816B-4391-850D-A48E4E43A441}"
EndProject
Global
	GlobalSection(SolutionConfigurationPlatforms) = preSolution
		Debug|Any CPU = Debug|Any CPU
		Release|Any CPU = Release|Any CPU
	EndGlobalSection
	GlobalSection(ProjectConfigurationPlatforms) = postSolution
		{9CA76120-85BD-4019-A063-85755AB77864}.Debug|Any CPU.ActiveCfg = Debug|Any CPU
		{9CA76120-85BD-4019-A063-85755AB77864}.Debug|Any CPU.Build.0 = Debug|Any CPU
		{9CA76120-85BD-4019-A063-85755AB77864}.Release|Any CPU.ActiveCfg = Release|Any CPU
		{9CA76120-85BD-4019-A063-85755AB77864}.Release|Any CPU.Build.0 = Release|Any CPU
		{E35295A3-24B6-4CCB-A95A-C2FF9DD18568}.Debug|Any CPU.ActiveCfg = Debug|Any CPU
		{E35295A3-24B6-4CCB-A95A-C2FF9DD18568}.Debug|Any CPU.Build.0 = Debug|Any CPU
		{E35295A3-24B6-4CCB-A95A-C2FF9DD18568}.Release|Any CPU.ActiveCfg = Release|Any CPU
		{E35295A3-24B6-4CCB-A95A-C2FF9DD18568}.Release|Any CPU.Build.0 = Release|Any CPU
		{46B4B97F-816B-4391-850D-A48E4E43A441}.Debug|Any CPU.ActiveCfg = Debug|Any CPU
		{46B4B97F-816B-4391-850D-A48E4E43A441}.Debug|Any CPU.Build.0 = Debug|Any CPU
		{46B4B97F-816B-4391-850D-A48E4E43A441}.Release|Any CPU.ActiveCfg = Release|Any CPU
		{46B4B97F-816B-4391-850D-A48E4E43A441}.Release|Any CPU.Build.0 = Release|Any CPU
	EndGlobalSection
	GlobalSection(SolutionProperties) = preSolution
		HideSolutionNode = FALSE
	EndGlobalSection
	GlobalSection(ExtensibilityGlobals) = postSolution
		SolutionGuid = {B390C417-1AFB-44CE-9697-D5E57EFA88DA}
	EndGlobalSection
EndGlobal
